
Microsoft Visual Studio Solution File, Format Version 12.00
# Visual Studio Version 17
VisualStudioVersion = 17.13.35931.197
MinimumVisualStudioVersion = 10.0.40219.1
Project("{2150E333-8FDC-42A3-9474-1A3956D46DE8}") = "src", "src", "{02EA681E-C7D8-13C7-8484-4AC65E1B71E8}"
EndProject
Project("{2150E333-8FDC-42A3-9474-1A3956D46DE8}") = "Solution Items", "Solution Items", "{8EC462FD-D22E-90A8-E5CE-7E832BA40C5D}"
	ProjectSection(SolutionItems) = preProject
		.gitignore = .gitignore
		Jenkinsfile = Jenkinsfile
		README.md = README.md
	EndProjectSection
EndProject
Project("{2150E333-8FDC-42A3-9474-1A3956D46DE8}") = "tests", "tests", "{DD54A1D4-D0EE-49E1-A217-3CAEF3F02B5F}"
EndProject
Project("{FAE04EC0-301F-11D3-BF4B-00C04F79EFBC}") = "Control.UnitTests", "Control.UnitTests\Control.UnitTests.csproj", "{FC051F61-856A-4057-8AF9-6357179C44BB}"
EndProject
Project("{FAE04EC0-301F-11D3-BF4B-00C04F79EFBC}") = "Control.API.Models", "Control.API.Models\Control.API.Models.csproj", "{AC0C26EC-DD33-45C7-9004-EADB60311BB6}"
EndProject
Project("{E53339B2-1760-4266-BCC7-CA923CBCF16C}") = "docker-compose", "docker-compose.dcproj", "{81DDED9D-158B-E303-5F62-77A2896D2A5A}"
EndProject
Project("{FAE04EC0-301F-11D3-BF4B-00C04F79EFBC}") = "Novus.API", "Novus.API\Novus.API.csproj", "{1BB70597-0DA9-45FE-981E-4E0CD44CF9DD}"
EndProject
Project("{FAE04EC0-301F-11D3-BF4B-00C04F79EFBC}") = "Timesheet.API", "Timesheet.API\Timesheet.API.csproj", "{001E8C1B-E9E1-469F-84A5-F0616E675550}"
EndProject
Project("{FAE04EC0-301F-11D3-BF4B-00C04F79EFBC}") = "Fleet.API", "Fleet.API\Fleet.API.csproj", "{EAA569D6-C7C8-4AD9-A8DA-A922DF80EB6F}"
EndProject
Project("{FAE04EC0-301F-11D3-BF4B-00C04F79EFBC}") = "Novus.API.Models", "Novus.API.Models\Novus.API.Models.csproj", "{310C853E-73D6-4279-B7BA-2001BE6142E4}"
EndProject
Project("{FAE04EC0-301F-11D3-BF4B-00C04F79EFBC}") = "Control.API", "Control.API\Control.API.csproj", "{D0C64BCA-BD8B-47FF-8E7A-BA6E798F125C}"
EndProject
Project("{FAE04EC0-301F-11D3-BF4B-00C04F79EFBC}") = "Employee.API", "Employee.API\Employee.API.csproj", "{C20560B8-2C2F-44D9-A54A-0BD7848150EE}"
EndProject
Global
	GlobalSection(SolutionConfigurationPlatforms) = preSolution
		Debug|Any CPU = Debug|Any CPU
		Release|Any CPU = Release|Any CPU
	EndGlobalSection
	GlobalSection(ProjectConfigurationPlatforms) = postSolution
		{FC051F61-856A-4057-8AF9-6357179C44BB}.Debug|Any CPU.ActiveCfg = Debug|Any CPU
		{FC051F61-856A-4057-8AF9-6357179C44BB}.Debug|Any CPU.Build.0 = Debug|Any CPU
		{FC051F61-856A-4057-8AF9-6357179C44BB}.Release|Any CPU.ActiveCfg = Release|Any CPU
		{FC051F61-856A-4057-8AF9-6357179C44BB}.Release|Any CPU.Build.0 = Release|Any CPU
		{AC0C26EC-DD33-45C7-9004-EADB60311BB6}.Debug|Any CPU.ActiveCfg = Debug|Any CPU
		{AC0C26EC-DD33-45C7-9004-EADB60311BB6}.Debug|Any CPU.Build.0 = Debug|Any CPU
		{AC0C26EC-DD33-45C7-9004-EADB60311BB6}.Release|Any CPU.ActiveCfg = Release|Any CPU
		{AC0C26EC-DD33-45C7-9004-EADB60311BB6}.Release|Any CPU.Build.0 = Release|Any CPU
		{81DDED9D-158B-E303-5F62-77A2896D2A5A}.Debug|Any CPU.ActiveCfg = Debug|Any CPU
		{81DDED9D-158B-E303-5F62-77A2896D2A5A}.Debug|Any CPU.Build.0 = Debug|Any CPU
		{81DDED9D-158B-E303-5F62-77A2896D2A5A}.Release|Any CPU.ActiveCfg = Release|Any CPU
		{81DDED9D-158B-E303-5F62-77A2896D2A5A}.Release|Any CPU.Build.0 = Release|Any CPU
		{1BB70597-0DA9-45FE-981E-4E0CD44CF9DD}.Debug|Any CPU.ActiveCfg = Debug|Any CPU
		{1BB70597-0DA9-45FE-981E-4E0CD44CF9DD}.Debug|Any CPU.Build.0 = Debug|Any CPU
		{1BB70597-0DA9-45FE-981E-4E0CD44CF9DD}.Release|Any CPU.ActiveCfg = Release|Any CPU
		{1BB70597-0DA9-45FE-981E-4E0CD44CF9DD}.Release|Any CPU.Build.0 = Release|Any CPU
		{001E8C1B-E9E1-469F-84A5-F0616E675550}.Debug|Any CPU.ActiveCfg = Debug|Any CPU
		{001E8C1B-E9E1-469F-84A5-F0616E675550}.Debug|Any CPU.Build.0 = Debug|Any CPU
		{001E8C1B-E9E1-469F-84A5-F0616E675550}.Release|Any CPU.ActiveCfg = Release|Any CPU
		{001E8C1B-E9E1-469F-84A5-F0616E675550}.Release|Any CPU.Build.0 = Release|Any CPU
		{EAA569D6-C7C8-4AD9-A8DA-A922DF80EB6F}.Debug|Any CPU.ActiveCfg = Debug|Any CPU
		{EAA569D6-C7C8-4AD9-A8DA-A922DF80EB6F}.Debug|Any CPU.Build.0 = Debug|Any CPU
		{EAA569D6-C7C8-4AD9-A8DA-A922DF80EB6F}.Release|Any CPU.ActiveCfg = Release|Any CPU
		{EAA569D6-C7C8-4AD9-A8DA-A922DF80EB6F}.Release|Any CPU.Build.0 = Release|Any CPU
		{310C853E-73D6-4279-B7BA-2001BE6142E4}.Debug|Any CPU.ActiveCfg = Debug|Any CPU
		{310C853E-73D6-4279-B7BA-2001BE6142E4}.Debug|Any CPU.Build.0 = Debug|Any CPU
		{310C853E-73D6-4279-B7BA-2001BE6142E4}.Release|Any CPU.ActiveCfg = Release|Any CPU
		{310C853E-73D6-4279-B7BA-2001BE6142E4}.Release|Any CPU.Build.0 = Release|Any CPU
		{D0C64BCA-BD8B-47FF-8E7A-BA6E798F125C}.Debug|Any CPU.ActiveCfg = Debug|Any CPU
		{D0C64BCA-BD8B-47FF-8E7A-BA6E798F125C}.Debug|Any CPU.Build.0 = Debug|Any CPU
		{D0C64BCA-BD8B-47FF-8E7A-BA6E798F125C}.Release|Any CPU.ActiveCfg = Release|Any CPU
		{D0C64BCA-BD8B-47FF-8E7A-BA6E798F125C}.Release|Any CPU.Build.0 = Release|Any CPU
		{C20560B8-2C2F-44D9-A54A-0BD7848150EE}.Debug|Any CPU.ActiveCfg = Debug|Any CPU
		{C20560B8-2C2F-44D9-A54A-0BD7848150EE}.Debug|Any CPU.Build.0 = Debug|Any CPU
		{C20560B8-2C2F-44D9-A54A-0BD7848150EE}.Release|Any CPU.ActiveCfg = Release|Any CPU
		{C20560B8-2C2F-44D9-A54A-0BD7848150EE}.Release|Any CPU.Build.0 = Release|Any CPU
	EndGlobalSection
	GlobalSection(SolutionProperties) = preSolution
		HideSolutionNode = FALSE
	EndGlobalSection
	GlobalSection(NestedProjects) = preSolution
		{FC051F61-856A-4057-8AF9-6357179C44BB} = {DD54A1D4-D0EE-49E1-A217-3CAEF3F02B5F}
		{AC0C26EC-DD33-45C7-9004-EADB60311BB6} = {02EA681E-C7D8-13C7-8484-4AC65E1B71E8}
		{1BB70597-0DA9-45FE-981E-4E0CD44CF9DD} = {02EA681E-C7D8-13C7-8484-4AC65E1B71E8}
		{001E8C1B-E9E1-469F-84A5-F0616E675550} = {02EA681E-C7D8-13C7-8484-4AC65E1B71E8}
		{EAA569D6-C7C8-4AD9-A8DA-A922DF80EB6F} = {02EA681E-C7D8-13C7-8484-4AC65E1B71E8}
		{310C853E-73D6-4279-B7BA-2001BE6142E4} = {02EA681E-C7D8-13C7-8484-4AC65E1B71E8}
		{D0C64BCA-BD8B-47FF-8E7A-BA6E798F125C} = {02EA681E-C7D8-13C7-8484-4AC65E1B71E8}
		{C20560B8-2C2F-44D9-A54A-0BD7848150EE} = {02EA681E-C7D8-13C7-8484-4AC65E1B71E8}
	EndGlobalSection
	GlobalSection(ExtensibilityGlobals) = postSolution
		SolutionGuid = {397C8E3E-0FBE-4534-957F-6689984818B9}
	EndGlobalSection
EndGlobal
